
Microsoft Visual Studio Solution File, Format Version 12.00
# Visual Studio Version 16
VisualStudioVersion = 16.0.31205.134
MinimumVisualStudioVersion = 10.0.40219.1
Project("{FAE04EC0-301F-11D3-BF4B-00C04F79EFBC}") = "view", "view\view.csproj", "{928E9EE2-C4DB-4978-B217-15CA60C691FC}"
EndProject
Project("{FAE04EC0-301F-11D3-BF4B-00C04F79EFBC}") = "Models", "Models\Models.csproj", "{F4262CB0-809E-4BE0-B027-E0064528F6D3}"
EndProject
Project("{FAE04EC0-301F-11D3-BF4B-00C04F79EFBC}") = "Repository.Contracts", "Repository.Contracts\Repository.Contracts.csproj", "{DBC5C23F-9A85-413E-827D-8CA2EB1F3EAF}"
EndProject
Project("{FAE04EC0-301F-11D3-BF4B-00C04F79EFBC}") = "Controllers", "Controllers\Controllers.csproj", "{EB6C052F-7B4A-4D48-A2B2-6A90C664DF10}"
EndProject
Project("{FAE04EC0-301F-11D3-BF4B-00C04F79EFBC}") = "Repository", "Repository\Repository.csproj", "{CD6D6E39-10EB-4B6F-BCE9-B4A6829D199C}"
EndProject
Global
	GlobalSection(SolutionConfigurationPlatforms) = preSolution
		Debug|Any CPU = Debug|Any CPU
		Release|Any CPU = Release|Any CPU
	EndGlobalSection
	GlobalSection(ProjectConfigurationPlatforms) = postSolution
		{928E9EE2-C4DB-4978-B217-15CA60C691FC}.Debug|Any CPU.ActiveCfg = Debug|Any CPU
		{928E9EE2-C4DB-4978-B217-15CA60C691FC}.Debug|Any CPU.Build.0 = Debug|Any CPU
		{928E9EE2-C4DB-4978-B217-15CA60C691FC}.Release|Any CPU.ActiveCfg = Release|Any CPU
		{928E9EE2-C4DB-4978-B217-15CA60C691FC}.Release|Any CPU.Build.0 = Release|Any CPU
		{F4262CB0-809E-4BE0-B027-E0064528F6D3}.Debug|Any CPU.ActiveCfg = Debug|Any CPU
		{F4262CB0-809E-4BE0-B027-E0064528F6D3}.Debug|Any CPU.Build.0 = Debug|Any CPU
		{F4262CB0-809E-4BE0-B027-E0064528F6D3}.Release|Any CPU.ActiveCfg = Release|Any CPU
		{F4262CB0-809E-4BE0-B027-E0064528F6D3}.Release|Any CPU.Build.0 = Release|Any CPU
		{DBC5C23F-9A85-413E-827D-8CA2EB1F3EAF}.Debug|Any CPU.ActiveCfg = Debug|Any CPU
		{DBC5C23F-9A85-413E-827D-8CA2EB1F3EAF}.Debug|Any CPU.Build.0 = Debug|Any CPU
		{DBC5C23F-9A85-413E-827D-8CA2EB1F3EAF}.Release|Any CPU.ActiveCfg = Release|Any CPU
		{DBC5C23F-9A85-413E-827D-8CA2EB1F3EAF}.Release|Any CPU.Build.0 = Release|Any CPU
		{EB6C052F-7B4A-4D48-A2B2-6A90C664DF10}.Debug|Any CPU.ActiveCfg = Debug|Any CPU
		{EB6C052F-7B4A-4D48-A2B2-6A90C664DF10}.Debug|Any CPU.Build.0 = Debug|Any CPU
		{EB6C052F-7B4A-4D48-A2B2-6A90C664DF10}.Release|Any CPU.ActiveCfg = Release|Any CPU
		{EB6C052F-7B4A-4D48-A2B2-6A90C664DF10}.Release|Any CPU.Build.0 = Release|Any CPU
		{CD6D6E39-10EB-4B6F-BCE9-B4A6829D199C}.Debug|Any CPU.ActiveCfg = Debug|Any CPU
		{CD6D6E39-10EB-4B6F-BCE9-B4A6829D199C}.Debug|Any CPU.Build.0 = Debug|Any CPU
		{CD6D6E39-10EB-4B6F-BCE9-B4A6829D199C}.Release|Any CPU.ActiveCfg = Release|Any CPU
		{CD6D6E39-10EB-4B6F-BCE9-B4A6829D199C}.Release|Any CPU.Build.0 = Release|Any CPU
	EndGlobalSection
	GlobalSection(SolutionProperties) = preSolution
		HideSolutionNode = FALSE
	EndGlobalSection
	GlobalSection(ExtensibilityGlobals) = postSolution
		SolutionGuid = {F0B44EB8-36D5-4A31-AF0D-FE1A57003438}
	EndGlobalSection
EndGlobal
